<Solution>
  <Configurations>
    <BuildType Name="Debug" />
    <BuildType Name="DefaultBuild" />
    <BuildType Name="Release" />
  </Configurations>
  <Project Path="D:/codec#/BaoLiXi/PrintingManagement/PrintingManagement.csproj">
    <BuildType Solution="DefaultBuild|*" Project="Release" />
  </Project>
</Solution>
